connectrpc.com/connect v1.11.0 h1:Av2KQXxSaX4vjqhf5Cl01SX4dqYADQ38eBtr84JSUBk=
connectrpc.com/connect v1.11.0/go.mod h1:3AGaO6RRGMx5IKFfqbe3hvK1NqLosFNP2BxDYTPmNPo=
connectrpc.com/connect/v2 v2.0.0-rc.1 h1:aSCLFBTXEFzfhdwRosNMAE70xaKKWp9Krrb2oLsKs7M=
connectrpc.com/connect/v2 v2.0.0-rc.1/go.mod h1:N32OLrstcPUzkykFynnefFro3+xzSdOrZlK2jHmS/xo=
connectrpc.com/grpchealth v1.2.0 h1:aHP33Bki+F2jPNI1mFVSFG7v0qJrgmfbg7X7nOdSj0M=
connectrpc.com/grpchealth v1.2.0/go.mod h1:fZos12C4p/ZaZC6OwBGZUM+i/fhnRhv75ax/6V/zIeM=
github.com/google/go-cmp v0.7.0 h1:wk8382ETsv4JYUZwIsn6YpYiWiBsYLSJiTsyBybVuN8=
github.com/google/go-cmp v0.7.0/go.mod h1:pXiqmnSA92OHEEa9HXL2W4E7lf9JzCmGVUdgjX3N/iU=
google.golang.org/protobuf v1.36.11 h1:fV6ZwhNocDyBLK0dj+fg8ektcVegBBuEolpbTQyBNVE=
google.golang.org/protobuf v1.36.11/go.mod h1:HTf+CrKn2C3g5S8VImy6tdcUvCska2kB7j23XfzDpco=
